
Microsoft Visual Studio Solution File, Format Version 12.00
# Visual Studio Version 17
VisualStudioVersion = 17.10.35013.160
MinimumVisualStudioVersion = 10.0.40219.1
Project("{FAE04EC0-301F-11D3-BF4B-00C04F79EFBC}") = "RehberUygulamasi", "RehberUygulamasi\RehberUygulamasi.csproj", "{16B2BD21-3F0F-48F2-99A4-AC3D6CE77357}"
EndProject
Global
	GlobalSection(SolutionConfigurationPlatforms) = preSolution
		Debug|Any CPU = Debug|Any CPU
		Release|Any CPU = Release|Any CPU
	EndGlobalSection
	GlobalSection(ProjectConfigurationPlatforms) = postSolution
		{16B2BD21-3F0F-48F2-99A4-AC3D6CE77357}.Debug|Any CPU.ActiveCfg = Debug|Any CPU
		{16B2BD21-3F0F-48F2-99A4-AC3D6CE77357}.Debug|Any CPU.Build.0 = Debug|Any CPU
		{16B2BD21-3F0F-48F2-99A4-AC3D6CE77357}.Release|Any CPU.ActiveCfg = Release|Any CPU
		{16B2BD21-3F0F-48F2-99A4-AC3D6CE77357}.Release|Any CPU.Build.0 = Release|Any CPU
	EndGlobalSection
	GlobalSection(SolutionProperties) = preSolution
		HideSolutionNode = FALSE
	EndGlobalSection
	GlobalSection(ExtensibilityGlobals) = postSolution
		SolutionGuid = {5EC877AF-3ABD-4B7B-B61E-80DAB31F4AB0}
	EndGlobalSection
EndGlobal
